// !$*UTF8*$!
{
	archiveVersion = 1;
	classes = {
	};
	objectVersion = 50;
	objects = {

/* Begin PBXBuildFile section */
		1AE43E9E238C835B0018CC9E /* main.cpp in Sources */ = {isa = PBXBuildFile; fileRef = 1AE43E9D238C835B0018CC9E /* main.cpp */; };
		1AE43EAA238C89CC0018CC9E /* easy.txt in CopyFiles */ = {isa = PBXBuildFile; fileRef = 1AE43EA5238C89B40018CC9E /* easy.txt */; settings = {ATTRIBUTES = (CodeSignOnCopy, ); }; };
		1AE43EAB238C89CC0018CC9E /* hard.txt in CopyFiles */ = {isa = PBXBuildFile; fileRef = 1AE43EA6238C89B40018CC9E /* hard.txt */; settings = {ATTRIBUTES = (CodeSignOnCopy, ); }; };
		1AE43EAC238C89CC0018CC9E /* medium.txt in CopyFiles */ = {isa = PBXBuildFile; fileRef = 1AE43EA4238C89B40018CC9E /* medium.txt */; settings = {ATTRIBUTES = (CodeSignOnCopy, ); }; };
/* End PBXBuildFile section */

/* Begin PBXCopyFilesBuildPhase section */
		1AE43E98238C835B0018CC9E /* CopyFiles */ = {
			isa = PBXCopyFilesBuildPhase;
			buildActionMask = 12;
			dstPath = "";
			dstSubfolderSpec = 16;
			files = (
				1AE43EAA238C89CC0018CC9E /* easy.txt in CopyFiles */,
				1AE43EAB238C89CC0018CC9E /* hard.txt in CopyFiles */,
				1AE43EAC238C89CC0018CC9E /* medium.txt in CopyFiles */,
			);
			runOnlyForDeploymentPostprocessing = 0;
		};
/* End PBXCopyFilesBuildPhase section */

/* Begin PBXFileReference section */
		1AE43E9A238C835B0018CC9E /* 144 StopLight Project */ = {isa = PBXFileReference; explicitFileType = "compiled.mach-o.executable"; includeInIndex = 0; path = "144 StopLight Project"; sourceTree = BUILT_PRODUCTS_DIR; };
		1AE43E9D238C835B0018CC9E /* main.cpp */ = {isa = PBXFileReference; lastKnownFileType = sourcecode.cpp.cpp; path = main.cpp; sourceTree = "<group>"; };
		1AE43EA4238C89B40018CC9E /* medium.txt */ = {isa = PBXFileReference; lastKnownFileType = text; path = medium.txt; sourceTree = "<group>"; };
		1AE43EA5238C89B40018CC9E /* easy.txt */ = {isa = PBXFileReference; lastKnownFileType = text; path = easy.txt; sourceTree = "<group>"; };
		1AE43EA6238C89B40018CC9E /* hard.txt */ = {isa = PBXFileReference; lastKnownFileType = text; path = hard.txt; sourceTree = "<group>"; };
/* End PBXFileReference section */

/* Begin PBXFrameworksBuildPhase section */
		1AE43E97238C835B0018CC9E /* Frameworks */ = {
			isa = PBXFrameworksBuildPhase;
			buildActionMask = 2147483647;
			files = (
			);
			runOnlyForDeploymentPostprocessing = 0;
		};
/* End PBXFrameworksBuildPhase section */

/* Begin PBXGroup section */
		1AE43E91238C835B0018CC9E = {
			isa = PBXGroup;
			children = (
				1AE43E9C238C835B0018CC9E /* 144 StopLight Project */,
				1AE43E9B238C835B0018CC9E /* Products */,
			);
			sourceTree = "<group>";
		};
		1AE43E9B238C835B0018CC9E /* Products */ = {
			isa = PBXGroup;
			children = (
				1AE43E9A238C835B0018CC9E /* 144 StopLight Project */,
			);
			name = Products;
			sourceTree = "<group>";
		};
		1AE43E9C238C835B0018CC9E /* 144 StopLight Project */ = {
			isa = PBXGroup;
			children = (
				1AE43EA5238C89B40018CC9E /* easy.txt */,
				1AE43EA6238C89B40018CC9E /* hard.txt */,
				1AE43EA4238C89B40018CC9E /* medium.txt */,
				1AE43E9D238C835B0018CC9E /* main.cpp */,
			);
			path = "144 StopLight Project";
			sourceTree = "<group>";
		};
/* End PBXGroup section */

/* Begin PBXNativeTarget section */
		1AE43E99238C835B0018CC9E /* 144 StopLight Project */ = {
			isa = PBXNativeTarget;
			buildConfigurationList = 1AE43EA1238C835B0018CC9E /* Build configuration list for PBXNativeTarget "144 StopLight Project" */;
			buildPhases = (
				1AE43E96238C835B0018CC9E /* Sources */,
				1AE43E97238C835B0018CC9E /* Frameworks */,
				1AE43E98238C835B0018CC9E /* CopyFiles */,
			);
			buildRules = (
			);
			dependencies = (
			);
			name = "144 StopLight Project";
			productName = "144 StopLight Project";
			productReference = 1AE43E9A238C835B0018CC9E /* 144 StopLight Project */;
			productType = "com.apple.product-type.tool";
		};
/* End PBXNativeTarget section */

/* Begin PBXProject section */
		1AE43E92238C835B0018CC9E /* Project object */ = {
			isa = PBXProject;
			attributes = {
				LastUpgradeCheck = 1110;
				ORGANIZATIONNAME = "Tyler  Gillette";
				TargetAttributes = {
					1AE43E99238C835B0018CC9E = {
						CreatedOnToolsVersion = 11.1;
					};
				};
			};
			buildConfigurationList = 1AE43E95238C835B0018CC9E /* Build configuration list for PBXProject "144 StopLight Project" */;
			compatibilityVersion = "Xcode 9.3";
			developmentRegion = en;
			hasScannedForEncodings = 0;
			knownRegions = (
				en,
				Base,
			);
			mainGroup = 1AE43E91238C835B0018CC9E;
			productRefGroup = 1AE43E9B238C835B0018CC9E /* Products */;
			projectDirPath = "";
			projectRoot = "";
			targets = (
				1AE43E99238C835B0018CC9E /* 144 StopLight Project */,
			);
		};
/* End PBXProject section */

/* Begin PBXSourcesBuildPhase section */
		1AE43E96238C835B0018CC9E /* Sources */ = {
			isa = PBXSourcesBuildPhase;
			buildActionMask = 2147483647;
			files = (
				1AE43E9E238C835B0018CC9E /* main.cpp in Sources */,
			);
			runOnlyForDeploymentPostprocessing = 0;
		};
/* End PBXSourcesBuildPhase section */

/* Begin XCBuildConfiguration section */
		1AE43E9F238C835B0018CC9E /* Debug */ = {
			isa = XCBuildConfiguration;
			buildSettings = {
				ALWAYS_SEARCH_USER_PATHS = NO;
				CLANG_ANALYZER_NONNULL = YES;
				CLANG_ANALYZER_NUMBER_OBJECT_CONVERSION = YES_AGGRESSIVE;
				CLANG_CXX_LANGUAGE_STANDARD = "gnu++14";
				CLANG_CXX_LIBRARY = "libc++";
				CLANG_ENABLE_MODULES = YES;
				CLANG_ENABLE_OBJC_ARC = YES;
				CLANG_ENABLE_OBJC_WEAK = YES;
				CLANG_WARN_BLOCK_CAPTURE_AUTORELEASING = YES;
				CLANG_WARN_BOOL_CONVERSION = YES;
				CLANG_WARN_COMMA = YES;
				CLANG_WARN_CONSTANT_CONVERSION = YES;
				CLANG_WARN_DEPRECATED_OBJC_IMPLEMENTATIONS = YES;
				CLANG_WARN_DIRECT_OBJC_ISA_USAGE = YES_ERROR;
				CLANG_WARN_DOCUMENTATION_COMMENTS = YES;
				CLANG_WARN_EMPTY_BODY = YES;
				CLANG_WARN_ENUM_CONVERSION = YES;
				CLANG_WARN_INFINITE_RECURSION = YES;
				CLANG_WARN_INT_CONVERSION = YES;
				CLANG_WARN_NON_LITERAL_NULL_CONVERSION = YES;
				CLANG_WARN_OBJC_IMPLICIT_RETAIN_SELF = YES;
				CLANG_WARN_OBJC_LITERAL_CONVERSION = YES;
				CLANG_WARN_OBJC_ROOT_CLASS = YES_ERROR;
				CLANG_WARN_RANGE_LOOP_ANALYSIS = YES;
				CLANG_WARN_STRICT_PROTOTYPES = YES;
				CLANG_WARN_SUSPICIOUS_MOVE = YES;
				CLANG_WARN_UNGUARDED_AVAILABILITY = YES_AGGRESSIVE;
				CLANG_WARN_UNREACHABLE_CODE = YES;
				CLANG_WARN__DUPLICATE_METHOD_MATCH = YES;
				COPY_PHASE_STRIP = NO;
				DEBUG_INFORMATION_FORMAT = dwarf;
				ENABLE_STRICT_OBJC_MSGSEND = YES;
				ENABLE_TESTABILITY = YES;
				GCC_C_LANGUAGE_STANDARD = gnu11;
				GCC_DYNAMIC_NO_PIC = NO;
				GCC_NO_COMMON_BLOCKS = YES;
				GCC_OPTIMIZATION_LEVEL = 0;
				GCC_PREPROCESSOR_DEFINITIONS = (
					"DEBUG=1",
					"$(inherited)",
				);
				GCC_WARN_64_TO_32_BIT_CONVERSION = YES;
				GCC_WARN_ABOUT_RETURN_TYPE = YES_ERROR;
				GCC_WARN_UNDECLARED_SELECTOR = YES;
				GCC_WARN_UNINITIALIZED_AUTOS = YES_AGGRESSIVE;
				GCC_WARN_UNUSED_FUNCTION = YES;
				GCC_WARN_UNUSED_VARIABLE = YES;
				MACOSX_DEPLOYMENT_TARGET = 10.15;
				MTL_ENABLE_DEBUG_INFO = INCLUDE_SOURCE;
				MTL_FAST_MATH = YES;
				ONLY_ACTIVE_ARCH = YES;
				SDKROOT = macosx;
			};
			name = Debug;
		};
		1AE43EA0238C835B0018CC9E /* Release */ = {
			isa = XCBuildConfiguration;
			buildSettings = {
				ALWAYS_SEARCH_USER_PATHS = NO;
				CLANG_ANALYZER_NONNULL = YES;
				CLANG_ANALYZER_NUMBER_OBJECT_CONVERSION = YES_AGGRESSIVE;
				CLANG_CXX_LANGUAGE_STANDARD = "gnu++14";
				CLANG_CXX_LIBRARY = "libc++";
				CLANG_ENABLE_MODULES = YES;
				CLANG_ENABLE_OBJC_ARC = YES;
				CLANG_ENABLE_OBJC_WEAK = YES;
				CLANG_WARN_BLOCK_CAPTURE_AUTORELEASING = YES;
				CLANG_WARN_BOOL_CONVERSION = YES;
				CLANG_WARN_COMMA = YES;
				CLANG_WARN_CONSTANT_CONVERSION = YES;
				CLANG_WARN_DEPRECATED_OBJC_IMPLEMENTATIONS = YES;
				CLANG_WARN_DIRECT_OBJC_ISA_USAGE = YES_ERROR;
				CLANG_WARN_DOCUMENTATION_COMMENTS = YES;
				CLANG_WARN_EMPTY_BODY = YES;
				CLANG_WARN_ENUM_CONVERSION = YES;
				CLANG_WARN_INFINITE_RECURSION = YES;
				CLANG_WARN_INT_CONVERSION = YES;
				CLANG_WARN_NON_LITERAL_NULL_CONVERSION = YES;
				CLANG_WARN_OBJC_IMPLICIT_RETAIN_SELF = YES;
				CLANG_WARN_OBJC_LITERAL_CONVERSION = YES;
				CLANG_WARN_OBJC_ROOT_CLASS = YES_ERROR;
				CLANG_WARN_RANGE_LOOP_ANALYSIS = YES;
				CLANG_WARN_STRICT_PROTOTYPES = YES;
				CLANG_WARN_SUSPICIOUS_MOVE = YES;
				CLANG_WARN_UNGUARDED_AVAILABILITY = YES_AGGRESSIVE;
				CLANG_WARN_UNREACHABLE_CODE = YES;
				CLANG_WARN__DUPLICATE_METHOD_MATCH = YES;
				COPY_PHASE_STRIP = NO;
				DEBUG_INFORMATION_FORMAT = "dwarf-with-dsym";
				ENABLE_NS_ASSERTIONS = NO;
				ENABLE_STRICT_OBJC_MSGSEND = YES;
				GCC_C_LANGUAGE_STANDARD = gnu11;
				GCC_NO_COMMON_BLOCKS = YES;
				GCC_WARN_64_TO_32_BIT_CONVERSION = YES;
				GCC_WARN_ABOUT_RETURN_TYPE = YES_ERROR;
				GCC_WARN_UNDECLARED_SELECTOR = YES;
				GCC_WARN_UNINITIALIZED_AUTOS = YES_AGGRESSIVE;
				GCC_WARN_UNUSED_FUNCTION = YES;
				GCC_WARN_UNUSED_VARIABLE = YES;
				MACOSX_DEPLOYMENT_TARGET = 10.15;
				MTL_ENABLE_DEBUG_INFO = NO;
				MTL_FAST_MATH = YES;
				SDKROOT = macosx;
			};
			name = Release;
		};
		1AE43EA2238C835B0018CC9E /* Debug */ = {
			isa = XCBuildConfiguration;
			buildSettings = {
				CLANG_ANALYZER_USE_AFTER_MOVE = YES_AGGRESSIVE;
				CLANG_CXX_LANGUAGE_STANDARD = "c++0x";
				CODE_SIGN_STYLE = Automatic;
				DEBUG_INFORMATION_FORMAT = dwarf;
				DEVELOPMENT_TEAM = 2K227TGJ93;
				ENABLE_HARDENED_RUNTIME = YES;
				GCC_VERSION = "";
				PRODUCT_NAME = "$(TARGET_NAME)";
			};
			name = Debug;
		};
		1AE43EA3238C835B0018CC9E /* Release */ = {
			isa = XCBuildConfiguration;
			buildSettings = {
				CLANG_ANALYZER_USE_AFTER_MOVE = YES_AGGRESSIVE;
				CLANG_CXX_LANGUAGE_STANDARD = "c++0x";
				CODE_SIGN_STYLE = Automatic;
				DEVELOPMENT_TEAM = 2K227TGJ93;
				ENABLE_HARDENED_RUNTIME = YES;
				GCC_VERSION = "";
				PRODUCT_NAME = "$(TARGET_NAME)";
			};
			name = Release;
		};
/* End XCBuildConfiguration section */

/* Begin XCConfigurationList section */
		1AE43E95238C835B0018CC9E /* Build configuration list for PBXProject "144 StopLight Project" */ = {
			isa = XCConfigurationList;
			buildConfigurations = (
				1AE43E9F238C835B0018CC9E /* Debug */,
				1AE43EA0238C835B0018CC9E /* Release */,
			);
			defaultConfigurationIsVisible = 0;
			defaultConfigurationName = Release;
		};
		1AE43EA1238C835B0018CC9E /* Build configuration list for PBXNativeTarget "144 StopLight Project" */ = {
			isa = XCConfigurationList;
			buildConfigurations = (
				1AE43EA2238C835B0018CC9E /* Debug */,
				1AE43EA3238C835B0018CC9E /* Release */,
			);
			defaultConfigurationIsVisible = 0;
			defaultConfigurationName = Release;
		};
/* End XCConfigurationList section */
	};
	rootObject = 1AE43E92238C835B0018CC9E /* Project object */;
}
